	<Project xmlns="http://schemas.microsoft.com/developer/msbuild/2003">
		<PropertyGroup>
			<ProjectGuid>{209CAA81-AC55-40ED-BF18-D553D82CE41F}</ProjectGuid>
			<ProjectVersion>12.0</ProjectVersion>
			<MainSource>ExoEcrituresComptables.dpr</MainSource>
			<Config Condition="'$(Config)'==''">Release</Config>
			<DCC_DCCCompiler>DCC32</DCC_DCCCompiler>
		</PropertyGroup>
		<PropertyGroup Condition="'$(Config)'=='Base' or '$(Base)'!=''">
			<Base>true</Base>
		</PropertyGroup>
		<PropertyGroup Condition="'$(Config)'=='Release' or '$(Cfg_1)'!=''">
			<Cfg_1>true</Cfg_1>
			<CfgParent>Base</CfgParent>
			<Base>true</Base>
		</PropertyGroup>
		<PropertyGroup Condition="'$(Config)'=='Débogage' or '$(Cfg_2)'!=''">
			<Cfg_2>true</Cfg_2>
			<CfgParent>Base</CfgParent>
			<Base>true</Base>
		</PropertyGroup>
		<PropertyGroup Condition="'$(Base)'!=''">
			<DCC_DependencyCheckOutputName>bin\ExoEcrituresComptables.exe</DCC_DependencyCheckOutputName>
			<DCC_ExeOutput>bin</DCC_ExeOutput>
			<DCC_DcuOutput>bin</DCC_DcuOutput>
			<DCC_UnitAlias>WinTypes=Windows;WinProcs=Windows;DbiTypes=BDE;DbiProcs=BDE;DbiErrs=BDE;$(DCC_UnitAlias)</DCC_UnitAlias>
			<DCC_UsePackage>vclx;vcl;rtl;vclactnband;vclib;ibxpress;xmlrtl;VclSmp;vclribbon;obj100v3</DCC_UsePackage>
			<DCC_ImageBase>00400000</DCC_ImageBase>
			<DCC_Platform>x86</DCC_Platform>
		</PropertyGroup>
		<PropertyGroup Condition="'$(Cfg_1)'!=''">
			<DCC_LocalDebugSymbols>false</DCC_LocalDebugSymbols>
			<DCC_Define>RELEASE;$(DCC_Define)</DCC_Define>
			<DCC_SymbolReferenceInfo>0</DCC_SymbolReferenceInfo>
			<DCC_DebugInformation>false</DCC_DebugInformation>
		</PropertyGroup>
		<PropertyGroup Condition="'$(Cfg_2)'!=''">
			<DCC_DebugDCUs>true</DCC_DebugDCUs>
			<DCC_ExeOutput>bin</DCC_ExeOutput>
			<DCC_GenerateStackFrames>true</DCC_GenerateStackFrames>
			<DCC_DcuOutput>bin</DCC_DcuOutput>
			<DCC_DebugInfoInExe>true</DCC_DebugInfoInExe>
			<DCC_Optimize>false</DCC_Optimize>
			<DCC_Define>DEBUG;$(DCC_Define)</DCC_Define>
		</PropertyGroup>
		<ItemGroup>
			<DelphiCompile Include="ExoEcrituresComptables.dpr">
				<MainSource>MainSource</MainSource>
			</DelphiCompile>
			<DCCReference Include="..\Commun.pas"/>
			<BuildConfiguration Include="Base">
				<Key>Base</Key>
			</BuildConfiguration>
			<BuildConfiguration Include="Débogage">
				<Key>Cfg_2</Key>
				<CfgParent>Base</CfgParent>
			</BuildConfiguration>
			<BuildConfiguration Include="Release">
				<Key>Cfg_1</Key>
				<CfgParent>Base</CfgParent>
			</BuildConfiguration>
		</ItemGroup>
		<Import Project="$(BDS)\Bin\CodeGear.Delphi.Targets" Condition="Exists('$(BDS)\Bin\CodeGear.Delphi.Targets')"/>
		<ProjectExtensions>
			<Borland.Personality>Delphi.Personality.12</Borland.Personality>
			<Borland.ProjectType/>
			<BorlandProject>
				<Delphi.Personality>
					<Source>
						<Source Name="MainSource">ExoEcrituresComptables.dpr</Source>
					</Source>
					<Parameters>
						<Parameters Name="UseLauncher">False</Parameters>
						<Parameters Name="LoadAllSymbols">True</Parameters>
						<Parameters Name="LoadUnspecifiedSymbols">False</Parameters>
					</Parameters>
					<VersionInfo>
						<VersionInfo Name="IncludeVerInfo">False</VersionInfo>
						<VersionInfo Name="AutoIncBuild">False</VersionInfo>
						<VersionInfo Name="MajorVer">1</VersionInfo>
						<VersionInfo Name="MinorVer">0</VersionInfo>
						<VersionInfo Name="Release">0</VersionInfo>
						<VersionInfo Name="Build">0</VersionInfo>
						<VersionInfo Name="Debug">False</VersionInfo>
						<VersionInfo Name="PreRelease">False</VersionInfo>
						<VersionInfo Name="Special">False</VersionInfo>
						<VersionInfo Name="Private">False</VersionInfo>
						<VersionInfo Name="DLL">False</VersionInfo>
						<VersionInfo Name="Locale">1036</VersionInfo>
						<VersionInfo Name="CodePage">1252</VersionInfo>
					</VersionInfo>
					<VersionInfoKeys>
						<VersionInfoKeys Name="CompanyName"/>
						<VersionInfoKeys Name="FileDescription"/>
						<VersionInfoKeys Name="FileVersion">1.0.0.0</VersionInfoKeys>
						<VersionInfoKeys Name="InternalName"/>
						<VersionInfoKeys Name="LegalCopyright"/>
						<VersionInfoKeys Name="LegalTrademarks"/>
						<VersionInfoKeys Name="OriginalFilename"/>
						<VersionInfoKeys Name="ProductName"/>
						<VersionInfoKeys Name="ProductVersion">1.0.0.0</VersionInfoKeys>
						<VersionInfoKeys Name="Comments"/>
					</VersionInfoKeys>
					<Excluded_Packages>
						<Excluded_Packages Name="$(BDS)\bin\dcldb120.bpl">Composants de bases de données CodeGear</Excluded_Packages>
						<Excluded_Packages Name="$(BDS)\bin\dclmid120.bpl">Composants CodeGear MyBase DataAccess</Excluded_Packages>
						<Excluded_Packages Name="$(BDS)\Bin\dclIndyCore120.bpl">Indy 10 Core Design Time</Excluded_Packages>
						<Excluded_Packages Name="$(BDS)\bin\dclwbm120.bpl">Composants CodeGear InternetExpress</Excluded_Packages>
						<Excluded_Packages Name="$(BDS)\bin\dclnet120.bpl">Composants CodeGear Internet</Excluded_Packages>
						<Excluded_Packages Name="C:\Documents and Settings\All Users\Documents\RAD Studio\6.0\Bpl\Objets100Lib.bpl">Objets100Lib</Excluded_Packages>
						<Excluded_Packages Name="$(BDS)\bin\dcldbx120.bpl">Composants CodeGear dbExpress</Excluded_Packages>
						<Excluded_Packages Name="$(BDS)\bin\dclact120.bpl">Composants CodeGear ActionBar</Excluded_Packages>
						<Excluded_Packages Name="$(BDS)\bin\dcltee8120.bpl">TeeChart Standard 8 Components</Excluded_Packages>
						<Excluded_Packages Name="$(BDS)\RaveReports\Lib\dclRave.bpl">Rave Reports 7.6 BE Package</Excluded_Packages>
						<Excluded_Packages Name="$(BDS)\bin\applet120.bpl">Package Applet Panneau de configuration CodeGear</Excluded_Packages>
						<Excluded_Packages Name="$(BDS)\bin\dclbde120.bpl">Composants BD CodeGear BDE</Excluded_Packages>
						<Excluded_Packages Name="$(BDS)\bin\dbx120.bpl">Package CodeGear IU Explorateur SQL</Excluded_Packages>
						<Excluded_Packages Name="$(BDS)\bin\dclmcn120.bpl">Composants de connexion CodeGear DataSnap</Excluded_Packages>
						<Excluded_Packages Name="$(BDS)\bin\dclado120.bpl">Composants CodeGear ADO BD</Excluded_Packages>
						<Excluded_Packages Name="$(BDS)\Bin\dclIndyProtocols120.bpl">Indy 10 Protocols Design Time</Excluded_Packages>
						<Excluded_Packages Name="$(BDS)\bin\dclIntraweb_100_120.bpl">VCL for the Web 10.0  Design Package for CodeGear RAD Studio</Excluded_Packages>
						<Excluded_Packages Name="$(BDS)\bin\dclie120.bpl">Composants Internet Explorer</Excluded_Packages>
						<Excluded_Packages Name="$(BDS)\bin\dclwebsnap120.bpl">Composants CodeGear WebSnap</Excluded_Packages>
						<Excluded_Packages Name="$(BDS)\bin\dclsoap120.bpl">Composants CodeGear SOAP</Excluded_Packages>
						<Excluded_Packages Name="$(BDS)\bin\dclDataSnapIndy10ServerTransport120.bpl">Composants de transport du serveur CodeGear DBExpress DataSnap</Excluded_Packages>
						<Excluded_Packages Name="$(BDS)\bin\dclDataSnapProviderClient120.bpl">Composants client du fournisseur CodeGear DBExpress DataSnap</Excluded_Packages>
						<Excluded_Packages Name="$(BDS)\bin\dclDataSnapServer120.bpl">Composants du serveur CodeGear DBExpress DataSnap</Excluded_Packages>
						<Excluded_Packages Name="$(BDS)\bin\dclDBXDrivers120.bpl">Composants Pilote CodeGear</Excluded_Packages>
						<Excluded_Packages Name="$(BDS)\bin\dcldbxcds120.bpl">Composant CodeGear SimpleDataset (DBX)</Excluded_Packages>
						<Excluded_Packages Name="$(BDS)\bin\dcloffice2k120.bpl">Composants Microsoft Office 2000 Sample Automation Server Wrapper</Excluded_Packages>
						<Excluded_Packages Name="$(BDS)\bin\dclofficexp120.bpl">Composants Microsoft Office XP Sample Automation Server Wrapper</Excluded_Packages>
					</Excluded_Packages>
				</Delphi.Personality>
			</BorlandProject>
			<ProjectFileVersion>12</ProjectFileVersion>
		</ProjectExtensions>
	</Project>
