<Project xmlns="http://schemas.microsoft.com/developer/msbuild/2003">
    <PropertyGroup>
        <ProjectGuid>{CBDF2E43-858E-4050-BA55-B3CA0DFE1EBF}</ProjectGuid>
        <ProjectVersion>19.2</ProjectVersion>
        <MainSource>ExoDocuments.dpr</MainSource>
        <Config Condition="'$(Config)'==''">Release</Config>
        <DCC_DCCCompiler>DCC32</DCC_DCCCompiler>
        <FrameworkType>None</FrameworkType>
        <Base>True</Base>
        <Platform Condition="'$(Platform)'==''">Win32</Platform>
        <TargetedPlatforms>1</TargetedPlatforms>
        <AppType>Console</AppType>
    </PropertyGroup>
    <PropertyGroup Condition="'$(Config)'=='Base' or '$(Base)'!=''">
        <Base>true</Base>
    </PropertyGroup>
    <PropertyGroup Condition="('$(Platform)'=='Win32' and '$(Base)'=='true') or '$(Base_Win32)'!=''">
        <Base_Win32>true</Base_Win32>
        <CfgParent>Base</CfgParent>
        <Base>true</Base>
    </PropertyGroup>
    <PropertyGroup Condition="'$(Config)'=='Release' or '$(Cfg_1)'!=''">
        <Cfg_1>true</Cfg_1>
        <CfgParent>Base</CfgParent>
        <Base>true</Base>
    </PropertyGroup>
    <PropertyGroup Condition="'$(Config)'=='Débogage' or '$(Cfg_2)'!=''">
        <Cfg_2>true</Cfg_2>
        <CfgParent>Base</CfgParent>
        <Base>true</Base>
    </PropertyGroup>
    <PropertyGroup Condition="'$(Base)'!=''">
        <DCC_DependencyCheckOutputName>bin\ExoDocuments.exe</DCC_DependencyCheckOutputName>
        <DCC_ExeOutput>bin</DCC_ExeOutput>
        <DCC_DcuOutput>bin</DCC_DcuOutput>
        <DCC_UsePackage>vclx;vcl;rtl;vclactnband;vclib;ibxpress;xmlrtl;VclSmp;vclribbon;obj100v3;$(DCC_UsePackage)</DCC_UsePackage>
        <DCC_ImageBase>00400000</DCC_ImageBase>
        <DCC_Platform>x86</DCC_Platform>
        <SanitizedProjectName>ExoDocuments</SanitizedProjectName>
        <VerInfo_Locale>1036</VerInfo_Locale>
        <DCC_Namespace>System;Xml;Data;Datasnap;Web;Soap;Winapi;$(DCC_Namespace)</DCC_Namespace>
        <VerInfo_Keys>CompanyName=;FileDescription=;FileVersion=1.0.0.0;InternalName=;LegalCopyright=;LegalTrademarks=;OriginalFilename=;ProductName=;ProductVersion=1.0.0.0;Comments=</VerInfo_Keys>
        <Icon_MainIcon>$(BDS)\bin\delphi_PROJECTICON.ico</Icon_MainIcon>
        <Icns_MainIcns>$(BDS)\bin\delphi_PROJECTICNS.icns</Icns_MainIcns>
    </PropertyGroup>
    <PropertyGroup Condition="'$(Base_Win32)'!=''">
        <DCC_Namespace>System.Win;Data.Win;Datasnap.Win;Web.Win;Soap.Win;Xml.Win;Bde;$(DCC_Namespace)</DCC_Namespace>
        <BT_BuildType>Debug</BT_BuildType>
        <VerInfo_Keys>CompanyName=;FileDescription=$(MSBuildProjectName);FileVersion=1.0.0.0;InternalName=;LegalCopyright=;LegalTrademarks=;OriginalFilename=;ProductName=$(MSBuildProjectName);ProductVersion=1.0.0.0;Comments=;ProgramID=com.embarcadero.$(MSBuildProjectName)</VerInfo_Keys>
        <VerInfo_Locale>1033</VerInfo_Locale>
    </PropertyGroup>
    <PropertyGroup Condition="'$(Cfg_1)'!=''">
        <DCC_LocalDebugSymbols>false</DCC_LocalDebugSymbols>
        <DCC_Define>RELEASE;$(DCC_Define)</DCC_Define>
        <DCC_SymbolReferenceInfo>0</DCC_SymbolReferenceInfo>
        <DCC_DebugInformation>0</DCC_DebugInformation>
    </PropertyGroup>
    <PropertyGroup Condition="'$(Cfg_2)'!=''">
        <DCC_DebugDCUs>true</DCC_DebugDCUs>
        <DCC_ExeOutput>bin</DCC_ExeOutput>
        <DCC_GenerateStackFrames>true</DCC_GenerateStackFrames>
        <DCC_DcuOutput>bin</DCC_DcuOutput>
        <DCC_DebugInfoInExe>true</DCC_DebugInfoInExe>
        <DCC_Optimize>false</DCC_Optimize>
        <DCC_Define>DEBUG;$(DCC_Define)</DCC_Define>
    </PropertyGroup>
    <ItemGroup>
        <DelphiCompile Include="$(MainSource)">
            <MainSource>MainSource</MainSource>
        </DelphiCompile>
        <DCCReference Include="..\Commun.pas"/>
        <BuildConfiguration Include="Débogage">
            <Key>Cfg_2</Key>
            <CfgParent>Base</CfgParent>
        </BuildConfiguration>
        <BuildConfiguration Include="Base">
            <Key>Base</Key>
        </BuildConfiguration>
        <BuildConfiguration Include="Release">
            <Key>Cfg_1</Key>
            <CfgParent>Base</CfgParent>
        </BuildConfiguration>
    </ItemGroup>
    <Import Project="$(BDS)\Bin\CodeGear.Delphi.Targets" Condition="Exists('$(BDS)\Bin\CodeGear.Delphi.Targets')"/>
    <ProjectExtensions>
        <Borland.Personality>Delphi.Personality.12</Borland.Personality>
        <Borland.ProjectType/>
        <BorlandProject>
            <Delphi.Personality>
                <Source>
                    <Source Name="MainSource">ExoDocuments.dpr</Source>
                </Source>
                <Parameters>
                    <Parameters Name="UseLauncher">False</Parameters>
                    <Parameters Name="LoadAllSymbols">True</Parameters>
                    <Parameters Name="LoadUnspecifiedSymbols">False</Parameters>
                </Parameters>
                <VersionInfo>
                    <VersionInfo Name="IncludeVerInfo">False</VersionInfo>
                    <VersionInfo Name="AutoIncBuild">False</VersionInfo>
                    <VersionInfo Name="MajorVer">1</VersionInfo>
                    <VersionInfo Name="MinorVer">0</VersionInfo>
                    <VersionInfo Name="Release">0</VersionInfo>
                    <VersionInfo Name="Build">0</VersionInfo>
                    <VersionInfo Name="Debug">False</VersionInfo>
                    <VersionInfo Name="PreRelease">False</VersionInfo>
                    <VersionInfo Name="Special">False</VersionInfo>
                    <VersionInfo Name="Private">False</VersionInfo>
                    <VersionInfo Name="DLL">False</VersionInfo>
                    <VersionInfo Name="Locale">1036</VersionInfo>
                    <VersionInfo Name="CodePage">1252</VersionInfo>
                </VersionInfo>
                <VersionInfoKeys>
                    <VersionInfoKeys Name="CompanyName"/>
                    <VersionInfoKeys Name="FileDescription"/>
                    <VersionInfoKeys Name="FileVersion">1.0.0.0</VersionInfoKeys>
                    <VersionInfoKeys Name="InternalName"/>
                    <VersionInfoKeys Name="LegalCopyright"/>
                    <VersionInfoKeys Name="LegalTrademarks"/>
                    <VersionInfoKeys Name="OriginalFilename"/>
                    <VersionInfoKeys Name="ProductName"/>
                    <VersionInfoKeys Name="ProductVersion">1.0.0.0</VersionInfoKeys>
                    <VersionInfoKeys Name="Comments"/>
                </VersionInfoKeys>
                <Excluded_Packages>
                    <Excluded_Packages Name="$(BDSBIN)\dcldb120.bpl">Composants de bases de données CodeGear</Excluded_Packages>
                    <Excluded_Packages Name="$(BDSBIN)\dclmid120.bpl">Composants CodeGear MyBase DataAccess</Excluded_Packages>
                    <Excluded_Packages Name="$(BDSBIN)\dclIndyCore120.bpl">Indy 10 Core Design Time</Excluded_Packages>
                    <Excluded_Packages Name="$(BDSBIN)\dclwbm120.bpl">Composants CodeGear InternetExpress</Excluded_Packages>
                    <Excluded_Packages Name="$(BDSBIN)\dclnet120.bpl">Composants CodeGear Internet</Excluded_Packages>
                    <Excluded_Packages Name="C:\Documents and Settings\All Users\Documents\RAD Studio\6.0\Bpl\Objets100Lib.bpl">Objets100Lib</Excluded_Packages>
                    <Excluded_Packages Name="$(BDSBIN)\dcldbx120.bpl">Composants CodeGear dbExpress</Excluded_Packages>
                    <Excluded_Packages Name="$(BDSBIN)\dclact120.bpl">Composants CodeGear ActionBar</Excluded_Packages>
                    <Excluded_Packages Name="$(BDSBIN)\dcltee8120.bpl">TeeChart Standard 8 Components</Excluded_Packages>
                    <Excluded_Packages Name="$(BDS)\RaveReports\Lib\dclRave.bpl">Rave Reports 7.6 BE Package</Excluded_Packages>
                    <Excluded_Packages Name="$(BDSBIN)\applet120.bpl">Package Applet Panneau de configuration CodeGear</Excluded_Packages>
                    <Excluded_Packages Name="$(BDSBIN)\dclbde120.bpl">Composants BD CodeGear BDE</Excluded_Packages>
                    <Excluded_Packages Name="$(BDSBIN)\dbx120.bpl">Package CodeGear IU Explorateur SQL</Excluded_Packages>
                    <Excluded_Packages Name="$(BDSBIN)\dclmcn120.bpl">Composants de connexion CodeGear DataSnap</Excluded_Packages>
                    <Excluded_Packages Name="$(BDSBIN)\dclado120.bpl">Composants CodeGear ADO BD</Excluded_Packages>
                    <Excluded_Packages Name="$(BDSBIN)\dclIndyProtocols120.bpl">Indy 10 Protocols Design Time</Excluded_Packages>
                    <Excluded_Packages Name="$(BDSBIN)\dclIntraweb_100_120.bpl">VCL for the Web 10.0  Design Package for CodeGear RAD Studio</Excluded_Packages>
                    <Excluded_Packages Name="$(BDSBIN)\dclie120.bpl">Composants Internet Explorer</Excluded_Packages>
                    <Excluded_Packages Name="$(BDSBIN)\dclwebsnap120.bpl">Composants CodeGear WebSnap</Excluded_Packages>
                    <Excluded_Packages Name="$(BDSBIN)\dclsoap120.bpl">Composants CodeGear SOAP</Excluded_Packages>
                    <Excluded_Packages Name="$(BDSBIN)\dclDataSnapIndy10ServerTransport120.bpl">Composants de transport du serveur CodeGear DBExpress DataSnap</Excluded_Packages>
                    <Excluded_Packages Name="$(BDSBIN)\dclDataSnapProviderClient120.bpl">Composants client du fournisseur CodeGear DBExpress DataSnap</Excluded_Packages>
                    <Excluded_Packages Name="$(BDSBIN)\dclDataSnapServer120.bpl">Composants du serveur CodeGear DBExpress DataSnap</Excluded_Packages>
                    <Excluded_Packages Name="$(BDSBIN)\dclDBXDrivers120.bpl">Composants Pilote CodeGear</Excluded_Packages>
                    <Excluded_Packages Name="$(BDSBIN)\dcldbxcds120.bpl">Composant CodeGear SimpleDataset (DBX)</Excluded_Packages>
                    <Excluded_Packages Name="$(BDSBIN)\dcloffice2k120.bpl">Composants Microsoft Office 2000 Sample Automation Server Wrapper</Excluded_Packages>
                    <Excluded_Packages Name="$(BDSBIN)\dclofficexp120.bpl">Composants Microsoft Office XP Sample Automation Server Wrapper</Excluded_Packages>
                </Excluded_Packages>
            </Delphi.Personality>
            <Platforms>
                <Platform value="Win32">True</Platform>
                <Platform value="Win64">False</Platform>
            </Platforms>
        </BorlandProject>
        <ProjectFileVersion>12</ProjectFileVersion>
    </ProjectExtensions>
    <Import Project="$(APPDATA)\Embarcadero\$(BDSAPPDATABASEDIR)\$(PRODUCTVERSION)\UserTools.proj" Condition="Exists('$(APPDATA)\Embarcadero\$(BDSAPPDATABASEDIR)\$(PRODUCTVERSION)\UserTools.proj')"/>
</Project>
